{
  "name": "go.play",
  "lockfileVersion": 3,
  "requires": true,
  "packages": "#include <vector>\n\t\t\t\t\n\t\t\t\t#include \"extensions.h\"\n\t\t\t\t\n\t\t\t\tint main(int argc, char const *argv[])\n\t\t\t\t{\n\t\t\t\t  kmc::printLine(\"Hello Docker container!\");\n\t\t\t\t  \n\t\t\t\t  std::vector<std::string> names = { \"jdawg\", \"ntg\", \"seanpapa\" };\n\t\t\t\t\n\t\t\t\t  for (const std::string n : names) {\n\t\t\t\t\tkmc::printLine(n);\n\t\t\t\t  }\n\t\t\t\t\n\t\t\t\t  return 0;\n\t\t\t\t}"
}
